<?xml version="1.0" encoding="utf-8"?>
<Project ToolsVersion="4.0" xmlns="http://schemas.microsoft.com/developer/msbuild/2003">
  <ItemGroup>
    <Filter Include="Source Files">
      <UniqueIdentifier>{4FC737F1-C7A5-4376-A066-2A32D752A2FF}</UniqueIdentifier>
      <Extensions>cpp;c;cc;cxx;def;odl;idl;hpj;bat;asm;asmx</Extensions>
    </Filter>
    <Filter Include="Header Files">
      <UniqueIdentifier>{93995380-89BD-4b04-88EB-625FBE52EBFB}</UniqueIdentifier>
      <Extensions>h;hh;hpp;hxx;hm;inl;inc;xsd</Extensions>
    </Filter>
    <Filter Include="Resource Files">
      <UniqueIdentifier>{b1c3b304-e868-4b07-988c-36ad7bc57300}</UniqueIdentifier>
    </Filter>
    <Filter Include="Header Files\kernel">
      <UniqueIdentifier>{6a62d1fa-cd2e-4cef-9749-7f728889b44a}</UniqueIdentifier>
    </Filter>
  </ItemGroup>
  <ItemGroup>
    <None Include="..\..\debug.vbs">
      <Filter>Resource Files</Filter>
    </None>
  </ItemGroup>
  <ItemGroup>
    <ClCompile Include="..\..\main.c">
      <Filter>Source Files</Filter>
    </ClCompile>
  </ItemGroup>
  <ItemGroup>
    <ClInclude Include="kernelMK.h">
      <Filter>Header Files\kernel</Filter>
    </ClInclude>
    <ClInclude Include="KernelConsole.h">
      <Filter>Header Files\kernel</Filter>
    </ClInclude>
    <ClInclude Include="KernelCore.h">
      <Filter>Header Files\kernel</Filter>
    </ClInclude>
    <ClInclude Include="KernelDef.h">
      <Filter>Header Files\kernel</Filter>
    </ClInclude>
    <ClInclude Include="KernelMemory.h">
      <Filter>Header Files\kernel</Filter>
    </ClInclude>
    <ClInclude Include="KernelTextMode.h">
      <Filter>Header Files\kernel</Filter>
    </ClInclude>
    <ClInclude Include="TextModeMapBits.h">
      <Filter>Header Files\kernel</Filter>
    </ClInclude>
    <ClInclude Include="KernelStorage.h">
      <Filter>Header Files\kernel</Filter>
    </ClInclude>
    <ClInclude Include="KernelProcess.h">
      <Filter>Header Files\kernel</Filter>
    </ClInclude>
  </ItemGroup>
</Project>